{
    "_meta": {
        "hash": {
            "sha256": "d70249eccfc2861532a20a319ab255987989623b7a5c64d85ad36967d7522033"
        },
        "pipfile-spec": 6,
        "requires": {
            "python_version": "3.7"
        },
        "sources": [
            {
                "name": "pypi",
                "url": "https://pypi.org/simple",
                "verify_ssl": true
            }
        ]
    },
    "default": {
        "numpy": {
            "hashes": [
                "sha256:0ee77786eebbfa37f2141fd106b549d37c89207a0d01d8852fde1c82e9bfc0e7",
                "sha256:199bebc296bd8a5fc31c16f256ac873dd4d5b4928dfd50e6c4995570fc71a8f3",
                "sha256:1a307bdd3dd444b1d0daa356b5f4c7de2e24d63bdc33ea13ff718b8ec4c6a268",
                "sha256:1ea7e859f16e72ab81ef20aae69216cfea870676347510da9244805ff9670170",
                "sha256:271139653e8b7a046d11a78c0d33bafbddd5c443a5b9119618d0652a4eb3a09f",
                "sha256:35bf5316af8dc7c7db1ad45bec603e5fb28671beb98ebd1d65e8059efcfd3b72",
                "sha256:463792a249a81b9eb2b63676347f996d3f0082c2666fd0604f4180d2e5445996",
                "sha256:50d3513469acf5b2c0406e822d3f314d7ac5788c2b438c24e5dd54d5a81ef522",
                "sha256:50f68ebc439821b826823a8da6caa79cd080dee2a6d5ab9f1163465a060495ed",
                "sha256:51e8d2ae7c7e985c7bebf218e56f72fa93c900ad0c8a7d9fbbbf362f45710f69",
                "sha256:522053b731e11329dd52d258ddf7de5288cae7418b55e4b7d32f0b7e31787e9d",
                "sha256:5ea4401ada0d3988c263df85feb33818dc995abc85b8125f6ccb762009e7bc68",
                "sha256:604d2e5a31482a3ad2c88206efd43d6fcf666ada1f3188fd779b4917e49b7a98",
                "sha256:6ff88bcf1872b79002569c63fe26cd2cda614e573c553c4d5b814fb5eb3d2822",
                "sha256:7197ee0a25629ed782c7bd01871ee40702ffeef35bc48004bc2fdcc71e29ba9d",
                "sha256:741d95eb2b505bb7a99fbf4be05fa69f466e240c2b4f2d3ddead4f1b5f82a5a5",
                "sha256:83af653bb92d1e248ccf5fdb05ccc934c14b936bcfe9b917dc180d3f00250ac6",
                "sha256:8802d23e4895e0c65e418abe67cdf518aa5cbb976d97f42fd591f921d6dffad0",
                "sha256:8edc4d687a74d0a5f8b9b26532e860f4f85f56c400b3a98899fc44acb5e27add",
                "sha256:942d2cdcb362739908c26ce8dd88db6e139d3fa829dd7452dd9ff02cba6b58b2",
                "sha256:9a0669787ba8c9d3bb5de5d9429208882fb47764aa79123af25c5edc4f5966b9",
                "sha256:9d08d84bb4128abb9fbd9f073e5c69f70e5dab991a9c42e5b4081ea5b01b5db0",
                "sha256:9f7f56b5e85b08774939622b7d45a5d00ff511466522c44fc0756ac7692c00f2",
                "sha256:a2daea1cba83210c620e359de2861316f49cc7aea8e9a6979d6cb2ddab6dda8c",
                "sha256:b9074d062d30c2779d8af587924f178a539edde5285d961d2dfbecbac9c4c931",
                "sha256:c4aa79993f5d856765819a3651117520e41ac3f89c3fc1cb6dee11aa562df6da",
                "sha256:d78294f1c20f366cde8a75167f822538a7252b6e8b9d6dbfb3bdab34e7c1929e",
                "sha256:dfdc8b53aa9838b9d44ed785431ca47aa3efaa51d0d5dd9c412ab5247151a7c4",
                "sha256:dffed17848e8b968d8d3692604e61881aa6ef1f8074c99e81647ac84f6038535",
                "sha256:e080087148fd70469aade2abfeadee194357defd759f9b59b349c6192aba994c",
                "sha256:e983cbabe10a8989333684c98fdc5dd2f28b236216981e0c26ed359aaa676772",
                "sha256:ea6171d2d8d648dee717457d0f75db49ad8c2f13100680e284d7becf3dc311a6",
                "sha256:eefc13863bf01583a85e8c1121a901cc7cb8f059b960c4eba30901e2e6aba95f",
                "sha256:efd656893171bbf1331beca4ec9f2e74358fc732a2084f664fd149cc4b3441d2"
            ],
            "index": "pypi",
            "version": "==1.19.3"
        },
        "pygame": {
            "hashes": [
                "sha256:00268b75204519628760030d256b17e557710a859fadf7cbf80ead80efc22779",
                "sha256:0ba624e8cc2056f0c8f7f819f2564284bb675dd9a8097e03762763a63f99e1b3",
                "sha256:0fa2dfa9daacaa5533ab733c0fd038e319b83d685f92e986fe3233dd06e508e4",
                "sha256:19b66c7546261996e2533b922f78b04edc1901586d6e023af7ec0aef4d6d4a9f",
                "sha256:1bc6e76e31e7ce6b734f12a06d975af2ef29da93e5ccbecbc8ed2d38d1bea8ea",
                "sha256:208fbc0f25a641b953c7ec1c537a3c0b43a4faf6a8f303be15d02e308c671bab",
                "sha256:21f4e50c1f13e143c590a48e63644ed2d0cfb50f9ce699c5e8b7af7caaa5cbe3",
                "sha256:2c2475f706e49b4a67d6958e5cce1157f3875083eba92ab298bdf7ba33780524",
                "sha256:3a2e7a0e6377224d3956ac9791382f7baadf66957679be8a9cc493f488245584",
                "sha256:3d0be0275b1d4939c9c9074d879407f330cbac0c837cd0f4b24ab0377959f6da",
                "sha256:411fa087a21f065d720d199b848652bf02d61cb39ff4d62745be37257fd84361",
                "sha256:4e58cc6f47412cf441a0c9b98dcb8141e1f2cdb6bbd0b00d1b89572d54195002",
                "sha256:5450704eab972951cce02231e21dbbdffcf7e7c569cfb8d26346e2b18197ae0f",
                "sha256:579d2162591241dc98c80c796576bb93edbd8107a8a43e13a18bf3c9c0dfb446",
                "sha256:5a3f0f436174e95027c60a37f06d84d25d2275de3255fe85846baa47c0e36e6b",
                "sha256:5ed4b00612b11c1ebbfbff1379616de2fa4d1acd9830232cc9a4a2ac2aa55e84",
                "sha256:63b038da116a643046181b02173fd894d87d2f85ecfd6aa7d5ece73c6ef501e9",
                "sha256:697599838b559b9f6573c3064357b404d3fd7af145168e2f4e3ed551bc4400ec",
                "sha256:69f9452365eef5ef476eca2657dcc488d8f93423a2f6e80e6dc5ada9fa813d21",
                "sha256:6bd16df20e5b9bc82a4dae7342573a7917530c2e4713c576f2684ebc79a9aa73",
                "sha256:6f5b10de20a6d6a4c84371fd55d25038ef3fa3ceb1a20a61bcab1b1f2459a115",
                "sha256:7c228e067b5e212acc2ee1412e2cf29f5900fd290b09556014aee74665ffaded",
                "sha256:7ee08691262b1a22dfd28b9b0e126cfc0276b349ddfd7ef8964a0e54d000ab0e",
                "sha256:87795c07c1de05150759b52e7bc3ccb38e76148ae8e40f07bf2b1368e7fabf0e",
                "sha256:8a240f598c21a4d2218eaeccfdd77bf0d0f6789133a154b07667285157b95ffa",
                "sha256:9d10a197518f8b50d3a61b923762a37063b9d6e27d1abe5167bb3a762e816833",
                "sha256:a03f0357ad4a9daf6e70b239804b77088d0b1543fc32e672f97f38e35fb1c206",
                "sha256:a7d298ebc7239dcf98e093b3510abc5279c8c7c149c60d2a8a81a1b44a671da3",
                "sha256:abed99f21c11d7f8deb0b3a41e2e4b0d00a98c17c23edd4dd344f169b317a586",
                "sha256:b5ac39ef5453252cb4b4ce2956ad9832688476a7a99bbdee1a7e17bf40e0a11f",
                "sha256:c2aea8cfa8156016d5316a601e804e8eacc77facd550d6bff893130f8f506a45",
                "sha256:cb6dda696df8326eebf8514aa7d6e18977d37822241d8661069ca42a45f957d6",
                "sha256:d1b9279133bb9f1ff5e7f5369a7a25749279724f64428980f6cec58eb7ce18da",
                "sha256:d700ffe744efde7eba1709950066429bdd21e9eec2288e29d39c3a9f21a04a7c",
                "sha256:d768ff1f2dd3de84585a68b491821badc35b2c9c4453c6cbcf48949be99ea781",
                "sha256:db05ce075aed6a9ac6b5613f273eb134a643a7b910ded4f6395b09a7f24edacf",
                "sha256:dc7cbfc0a0a0f1f8b1be4dbf0788a4ac7d3dd2991067e1cfd869c65c323a24a5",
                "sha256:e21e68b1110bea64ed1dee6e644b49423f9539fb3e29d27ca6c68011f999c8f9",
                "sha256:e716b3a5ca469959ad0d631cbb7846386741fc056968a3abb097ba5b43757214",
                "sha256:e75fe7624d2fc03b93a706f4d8f8204cb9c83c8f16245553546b3bd0a733556c",
                "sha256:e8effa8b5a8d2bb9c07dccb18337b07174d4956516978a35350bc23e254189cc"
            ],
            "index": "pypi",
            "version": "==2.0.0"
        },
        "pyro4": {
            "hashes": [
                "sha256:46847ca703de3f483fbd0b2d22622f36eff03e6ef7ec7704d4ecaa3964cb2220",
                "sha256:f195a4a9403f58807e66ca269c771e1d268064945f65cfbbf59a1feb12a1695f"
            ],
            "index": "pypi",
            "version": "==4.80"
        },
        "serpent": {
            "hashes": [
                "sha256:72753820246a7d8486e8b385353e3bbf769abfceec2e850fa527a288b084ff7a",
                "sha256:b2e8fa890481ca068faf9913c7019db5a8c30aa5e7e5870846996749872cecb3"
            ],
            "markers": "python_version >= '3.2'",
            "version": "==1.30.2"
        }
    },
    "develop": {
        "appdirs": {
            "hashes": [
                "sha256:7d5d0167b2b1ba821647616af46a749d1c653740dd0d2415100fe26e27afdf41",
                "sha256:a841dacd6b99318a741b166adb07e19ee71a274450e68237b4650ca1055ab128"
            ],
            "version": "==1.4.4"
        },
        "black": {
            "hashes": [
                "sha256:1c02557aa099101b9d21496f8a914e9ed2222ef70336404eeeac8edba836fbea"
            ],
            "index": "pypi",
            "version": "==20.8b1"
        },
        "click": {
            "hashes": [
                "sha256:d2b5255c7c6349bc1bd1e59e08cd12acbbd63ce649f2588755783aa94dfb6b1a",
                "sha256:dacca89f4bfadd5de3d7489b7c8a566eee0d3676333fbb50030263894c38c0dc"
            ],
            "markers": "python_version >= '2.7' and python_version not in '3.0, 3.1, 3.2, 3.3, 3.4'",
            "version": "==7.1.2"
        },
        "flake8": {
            "hashes": [
                "sha256:749dbbd6bfd0cf1318af27bf97a14e28e5ff548ef8e5b1566ccfb25a11e7c839",
                "sha256:aadae8761ec651813c24be05c6f7b4680857ef6afaae4651a4eccaef97ce6c3b"
            ],
            "index": "pypi",
            "version": "==3.8.4"
        },
        "isort": {
            "hashes": [
                "sha256:dcab1d98b469a12a1a624ead220584391648790275560e1a43e54c5dceae65e7",
                "sha256:dcaeec1b5f0eca77faea2a35ab790b4f3680ff75590bfcb7145986905aab2f58"
            ],
            "index": "pypi",
            "version": "==5.6.4"
        },
        "mccabe": {
            "hashes": [
                "sha256:ab8a6258860da4b6677da4bd2fe5dc2c659cff31b3ee4f7f5d64e79735b80d42",
                "sha256:dd8d182285a0fe56bace7f45b5e7d1a6ebcbf524e8f3bd87eb0f125271b8831f"
            ],
            "version": "==0.6.1"
        },
        "mypy-extensions": {
            "hashes": [
                "sha256:090fedd75945a69ae91ce1303b5824f428daf5a028d2f6ab8a299250a846f15d",
                "sha256:2d82818f5bb3e369420cb3c4060a7970edba416647068eb4c5343488a6c604a8"
            ],
            "version": "==0.4.3"
        },
        "pathspec": {
            "hashes": [
                "sha256:7d91249d21749788d07a2d0f94147accd8f845507400749ea19c1ec9054a12b0",
                "sha256:da45173eb3a6f2a5a487efba21f050af2b41948be6ab52b6a1e3ff22bb8b7061"
            ],
            "version": "==0.8.0"
        },
        "pycodestyle": {
            "hashes": [
                "sha256:2295e7b2f6b5bd100585ebcb1f616591b652db8a741695b3d8f5d28bdc934367",
                "sha256:c58a7d2815e0e8d7972bf1803331fb0152f867bd89adf8a01dfd55085434192e"
            ],
            "markers": "python_version >= '2.7' and python_version not in '3.0, 3.1, 3.2, 3.3'",
            "version": "==2.6.0"
        },
        "pyflakes": {
            "hashes": [
                "sha256:0d94e0e05a19e57a99444b6ddcf9a6eb2e5c68d3ca1e98e90707af8152c90a92",
                "sha256:35b2d75ee967ea93b55750aa9edbbf72813e06a66ba54438df2cfac9e3c27fc8"
            ],
            "markers": "python_version >= '2.7' and python_version not in '3.0, 3.1, 3.2, 3.3'",
            "version": "==2.2.0"
        },
        "regex": {
            "hashes": [
                "sha256:03855ee22980c3e4863dc84c42d6d2901133362db5daf4c36b710dd895d78f0a",
                "sha256:06b52815d4ad38d6524666e0d50fe9173533c9cc145a5779b89733284e6f688f",
                "sha256:11116d424734fe356d8777f89d625f0df783251ada95d6261b4c36ad27a394bb",
                "sha256:119e0355dbdd4cf593b17f2fc5dbd4aec2b8899d0057e4957ba92f941f704bf5",
                "sha256:1ec66700a10e3c75f1f92cbde36cca0d3aaee4c73dfa26699495a3a30b09093c",
                "sha256:2dc522e25e57e88b4980d2bdd334825dbf6fa55f28a922fc3bfa60cc09e5ef53",
                "sha256:3a5f08039eee9ea195a89e180c5762bfb55258bfb9abb61a20d3abee3b37fd12",
                "sha256:49461446b783945597c4076aea3f49aee4b4ce922bd241e4fcf62a3e7c61794c",
                "sha256:4afa350f162551cf402bfa3cd8302165c8e03e689c897d185f16a167328cc6dd",
                "sha256:4b5a9bcb56cc146c3932c648603b24514447eafa6ce9295234767bf92f69b504",
                "sha256:625116aca6c4b57c56ea3d70369cacc4d62fead4930f8329d242e4fe7a58ce4b",
                "sha256:654c1635f2313d0843028487db2191530bca45af61ca85d0b16555c399625b0e",
                "sha256:8092a5a06ad9a7a247f2a76ace121183dc4e1a84c259cf9c2ce3bbb69fac3582",
                "sha256:832339223b9ce56b7b15168e691ae654d345ac1635eeb367ade9ecfe0e66bee0",
                "sha256:8ca9dca965bd86ea3631b975d63b0693566d3cc347e55786d5514988b6f5b84c",
                "sha256:a62162be05edf64f819925ea88d09d18b09bebf20971b363ce0c24e8b4aa14c0",
                "sha256:b88fa3b8a3469f22b4f13d045d9bd3eda797aa4e406fde0a2644bc92bbdd4bdd",
                "sha256:c13d311a4c4a8d671f5860317eb5f09591fbe8259676b86a85769423b544451e",
                "sha256:c2c6c56ee97485a127555c9595c069201b5161de9d05495fbe2132b5ac104786",
                "sha256:c3466a84fce42c2016113101018a9981804097bacbab029c2d5b4fcb224b89de",
                "sha256:c8a2b7ccff330ae4c460aff36626f911f918555660cc28163417cb84ffb25789",
                "sha256:cb905f3d2e290a8b8f1579d3984f2cfa7c3a29cc7cba608540ceeed18513f520",
                "sha256:cfcf28ed4ce9ced47b9b9670a4f0d3d3c0e4d4779ad4dadb1ad468b097f808aa",
                "sha256:dd3e6547ecf842a29cf25123fbf8d2461c53c8d37aa20d87ecee130c89b7079b",
                "sha256:ea37320877d56a7f0a1e6a625d892cf963aa7f570013499f5b8d5ab8402b5625",
                "sha256:f1fce1e4929157b2afeb4bb7069204d4370bab9f4fc03ca1fbec8bd601f8c87d",
                "sha256:f43109822df2d3faac7aad79613f5f02e4eab0fc8ad7932d2e70e2a83bd49c26"
            ],
            "version": "==2020.10.28"
        },
        "toml": {
            "hashes": [
                "sha256:926b612be1e5ce0634a2ca03470f95169cf16f939018233a670519cb4ac58b0f",
                "sha256:bda89d5935c2eac546d648028b9901107a595863cb36bae0c73ac804a9b4ce88"
            ],
            "version": "==0.10.1"
        },
        "typed-ast": {
            "hashes": [
                "sha256:0666aa36131496aed8f7be0410ff974562ab7eeac11ef351def9ea6fa28f6355",
                "sha256:0c2c07682d61a629b68433afb159376e24e5b2fd4641d35424e462169c0a7919",
                "sha256:0d8110d78a5736e16e26213114a38ca35cb15b6515d535413b090bd50951556d",
                "sha256:249862707802d40f7f29f6e1aad8d84b5aa9e44552d2cc17384b209f091276aa",
                "sha256:24995c843eb0ad11a4527b026b4dde3da70e1f2d8806c99b7b4a7cf491612652",
                "sha256:269151951236b0f9a6f04015a9004084a5ab0d5f19b57de779f908621e7d8b75",
                "sha256:3742b32cf1c6ef124d57f95be609c473d7ec4c14d0090e5a5e05a15269fb4d0c",
                "sha256:4083861b0aa07990b619bd7ddc365eb7fa4b817e99cf5f8d9cf21a42780f6e01",
                "sha256:498b0f36cc7054c1fead3d7fc59d2150f4d5c6c56ba7fb150c013fbc683a8d2d",
                "sha256:4e3e5da80ccbebfff202a67bf900d081906c358ccc3d5e3c8aea42fdfdfd51c1",
                "sha256:6daac9731f172c2a22ade6ed0c00197ee7cc1221aa84cfdf9c31defeb059a907",
                "sha256:715ff2f2df46121071622063fc7543d9b1fd19ebfc4f5c8895af64a77a8c852c",
                "sha256:73d785a950fc82dd2a25897d525d003f6378d1cb23ab305578394694202a58c3",
                "sha256:7e4c9d7658aaa1fc80018593abdf8598bf91325af6af5cce4ce7c73bc45ea53d",
                "sha256:8c8aaad94455178e3187ab22c8b01a3837f8ee50e09cf31f1ba129eb293ec30b",
                "sha256:8ce678dbaf790dbdb3eba24056d5364fb45944f33553dd5869b7580cdbb83614",
                "sha256:92c325624e304ebf0e025d1224b77dd4e6393f18aab8d829b5b7e04afe9b7a2c",
                "sha256:aaee9905aee35ba5905cfb3c62f3e83b3bec7b39413f0a7f19be4e547ea01ebb",
                "sha256:b52ccf7cfe4ce2a1064b18594381bccf4179c2ecf7f513134ec2f993dd4ab395",
                "sha256:bcd3b13b56ea479b3650b82cabd6b5343a625b0ced5429e4ccad28a8973f301b",
                "sha256:c9e348e02e4d2b4a8b2eedb48210430658df6951fa484e59de33ff773fbd4b41",
                "sha256:d205b1b46085271b4e15f670058ce182bd1199e56b317bf2ec004b6a44f911f6",
                "sha256:d43943ef777f9a1c42bf4e552ba23ac77a6351de620aa9acf64ad54933ad4d34",
                "sha256:d5d33e9e7af3b34a40dc05f498939f0ebf187f07c385fd58d591c533ad8562fe",
                "sha256:d648b8e3bf2fe648745c8ffcee3db3ff903d0817a01a12dd6a6ea7a8f4889072",
                "sha256:f208eb7aff048f6bea9586e61af041ddf7f9ade7caed625742af423f6bae3298",
                "sha256:fac11badff8313e23717f3dada86a15389d0708275bddf766cca67a84ead3e91",
                "sha256:fc0fea399acb12edbf8a628ba8d2312f583bdbdb3335635db062fa98cf71fca4",
                "sha256:fcf135e17cc74dbfbc05894ebca928ffeb23d9790b3167a674921db19082401f",
                "sha256:fe460b922ec15dd205595c9b5b99e2f056fd98ae8f9f56b888e7a17dc2b757e7"
            ],
            "version": "==1.4.1"
        },
        "typing-extensions": {
            "hashes": [
                "sha256:7cb407020f00f7bfc3cb3e7881628838e69d8f3fcab2f64742a5e76b2f841918",
                "sha256:99d4073b617d30288f569d3f13d2bd7548c3a7e4c8de87db09a9d29bb3a4a60c",
                "sha256:dafc7639cde7f1b6e1acc0f457842a83e722ccca8eef5270af2d74792619a89f"
            ],
            "version": "==3.7.4.3"
        }
    }
}
